
Microsoft Visual Studio Solution File, Format Version 12.00
# Visual Studio Version 16
VisualStudioVersion = 16.0.29609.76
MinimumVisualStudioVersion = 10.0.40219.1
Project("{F184B08F-C81C-45F6-A57F-5ABD9991F28F}") = "tarot", "tarot.vbproj", "{8FB85453-4F36-4241-BDAE-5FB0AA9AB71F}"
EndProject
Global
	GlobalSection(SolutionConfigurationPlatforms) = preSolution
		Debug|Any CPU = Debug|Any CPU
		Release|Any CPU = Release|Any CPU
	EndGlobalSection
	GlobalSection(ProjectConfigurationPlatforms) = postSolution
		{8FB85453-4F36-4241-BDAE-5FB0AA9AB71F}.Debug|Any CPU.ActiveCfg = Debug|Any CPU
		{8FB85453-4F36-4241-BDAE-5FB0AA9AB71F}.Debug|Any CPU.Build.0 = Debug|Any CPU
		{8FB85453-4F36-4241-BDAE-5FB0AA9AB71F}.Release|Any CPU.ActiveCfg = Release|Any CPU
		{8FB85453-4F36-4241-BDAE-5FB0AA9AB71F}.Release|Any CPU.Build.0 = Release|Any CPU
	EndGlobalSection
	GlobalSection(SolutionProperties) = preSolution
		HideSolutionNode = FALSE
	EndGlobalSection
	GlobalSection(ExtensibilityGlobals) = postSolution
		SolutionGuid = {F61CA1AE-2E53-4F5E-88EE-B6E587C5287A}
	EndGlobalSection
EndGlobal
