
Microsoft Visual Studio Solution File, Format Version 12.00
# Visual Studio Version 16
VisualStudioVersion = 16.0.29609.76
MinimumVisualStudioVersion = 10.0.40219.1
Project("{FAE04EC0-301F-11D3-BF4B-00C04F79EFBC}") = "Tarot_Test", "Tarot_Test.csproj", "{AD88866D-98B1-4707-8881-B49AB566E9BE}"
EndProject
Global
	GlobalSection(SolutionConfigurationPlatforms) = preSolution
		Debug|Any CPU = Debug|Any CPU
		Release|Any CPU = Release|Any CPU
	EndGlobalSection
	GlobalSection(ProjectConfigurationPlatforms) = postSolution
		{AD88866D-98B1-4707-8881-B49AB566E9BE}.Debug|Any CPU.ActiveCfg = Debug|Any CPU
		{AD88866D-98B1-4707-8881-B49AB566E9BE}.Debug|Any CPU.Build.0 = Debug|Any CPU
		{AD88866D-98B1-4707-8881-B49AB566E9BE}.Release|Any CPU.ActiveCfg = Release|Any CPU
		{AD88866D-98B1-4707-8881-B49AB566E9BE}.Release|Any CPU.Build.0 = Release|Any CPU
	EndGlobalSection
	GlobalSection(SolutionProperties) = preSolution
		HideSolutionNode = FALSE
	EndGlobalSection
	GlobalSection(ExtensibilityGlobals) = postSolution
		SolutionGuid = {AA69C36A-414E-439D-8DAA-256F0A6A2C83}
	EndGlobalSection
EndGlobal
